// !$*UTF8*$!
{
	archiveVersion = 1;
	classes = {
	};
	objectVersion = 50;
	objects = {

/* Begin PBXBuildFile section */
		44201BB52518F08400A044C4 /* CustomStyles.swift in Sources */ = {isa = PBXBuildFile; fileRef = 44201BB42518F08400A044C4 /* CustomStyles.swift */; };
		4479ECC22518FECA00153B15 /* UserData.swift in Sources */ = {isa = PBXBuildFile; fileRef = 4479ECC12518FECA00153B15 /* UserData.swift */; };
		44DBB49725183A9600F13865 /* FriendFaceApp.swift in Sources */ = {isa = PBXBuildFile; fileRef = 44DBB49625183A9600F13865 /* FriendFaceApp.swift */; };
		44DBB49925183A9600F13865 /* ContentView.swift in Sources */ = {isa = PBXBuildFile; fileRef = 44DBB49825183A9600F13865 /* ContentView.swift */; };
		44DBB49B25183A9900F13865 /* Assets.xcassets in Resources */ = {isa = PBXBuildFile; fileRef = 44DBB49A25183A9900F13865 /* Assets.xcassets */; };
		44DBB49E25183A9900F13865 /* Preview Assets.xcassets in Resources */ = {isa = PBXBuildFile; fileRef = 44DBB49D25183A9900F13865 /* Preview Assets.xcassets */; };
		44DBB4A625183ACC00F13865 /* friendface.json in Resources */ = {isa = PBXBuildFile; fileRef = 44DBB4A525183ACB00F13865 /* friendface.json */; };
		44DBB4AA25183B8000F13865 /* User&Friend.swift in Sources */ = {isa = PBXBuildFile; fileRef = 44DBB4A925183B8000F13865 /* User&Friend.swift */; };
		44DBB4B025186AE900F13865 /* DetailView.swift in Sources */ = {isa = PBXBuildFile; fileRef = 44DBB4AF25186AE900F13865 /* DetailView.swift */; };
		44DBB4B22518749C00F13865 /* IsActive.swift in Sources */ = {isa = PBXBuildFile; fileRef = 44DBB4B12518749C00F13865 /* IsActive.swift */; };
/* End PBXBuildFile section */

/* Begin PBXFileReference section */
		44201BB42518F08400A044C4 /* CustomStyles.swift */ = {isa = PBXFileReference; lastKnownFileType = sourcecode.swift; path = CustomStyles.swift; sourceTree = "<group>"; };
		4479ECC12518FECA00153B15 /* UserData.swift */ = {isa = PBXFileReference; lastKnownFileType = sourcecode.swift; path = UserData.swift; sourceTree = "<group>"; };
		44DBB49325183A9600F13865 /* FriendFace.app */ = {isa = PBXFileReference; explicitFileType = wrapper.application; includeInIndex = 0; path = FriendFace.app; sourceTree = BUILT_PRODUCTS_DIR; };
		44DBB49625183A9600F13865 /* FriendFaceApp.swift */ = {isa = PBXFileReference; lastKnownFileType = sourcecode.swift; path = FriendFaceApp.swift; sourceTree = "<group>"; };
		44DBB49825183A9600F13865 /* ContentView.swift */ = {isa = PBXFileReference; lastKnownFileType = sourcecode.swift; path = ContentView.swift; sourceTree = "<group>"; };
		44DBB49A25183A9900F13865 /* Assets.xcassets */ = {isa = PBXFileReference; lastKnownFileType = folder.assetcatalog; path = Assets.xcassets; sourceTree = "<group>"; };
		44DBB49D25183A9900F13865 /* Preview Assets.xcassets */ = {isa = PBXFileReference; lastKnownFileType = folder.assetcatalog; path = "Preview Assets.xcassets"; sourceTree = "<group>"; };
		44DBB49F25183A9900F13865 /* Info.plist */ = {isa = PBXFileReference; lastKnownFileType = text.plist.xml; path = Info.plist; sourceTree = "<group>"; };
		44DBB4A525183ACB00F13865 /* friendface.json */ = {isa = PBXFileReference; fileEncoding = 4; lastKnownFileType = text.json; path = friendface.json; sourceTree = "<group>"; };
		44DBB4A925183B8000F13865 /* User&Friend.swift */ = {isa = PBXFileReference; lastKnownFileType = sourcecode.swift; path = "User&Friend.swift"; sourceTree = "<group>"; };
		44DBB4AF25186AE900F13865 /* DetailView.swift */ = {isa = PBXFileReference; lastKnownFileType = sourcecode.swift; path = DetailView.swift; sourceTree = "<group>"; };
		44DBB4B12518749C00F13865 /* IsActive.swift */ = {isa = PBXFileReference; lastKnownFileType = sourcecode.swift; path = IsActive.swift; sourceTree = "<group>"; };
/* End PBXFileReference section */

/* Begin PBXFrameworksBuildPhase section */
		44DBB49025183A9600F13865 /* Frameworks */ = {
			isa = PBXFrameworksBuildPhase;
			buildActionMask = 2147483647;
			files = (
			);
			runOnlyForDeploymentPostprocessing = 0;
		};
/* End PBXFrameworksBuildPhase section */

/* Begin PBXGroup section */
		44DBB48A25183A9600F13865 = {
			isa = PBXGroup;
			children = (
				44DBB49525183A9600F13865 /* FriendFace */,
				44DBB49425183A9600F13865 /* Products */,
			);
			sourceTree = "<group>";
		};
		44DBB49425183A9600F13865 /* Products */ = {
			isa = PBXGroup;
			children = (
				44DBB49325183A9600F13865 /* FriendFace.app */,
			);
			name = Products;
			sourceTree = "<group>";
		};
		44DBB49525183A9600F13865 /* FriendFace */ = {
			isa = PBXGroup;
			children = (
				44DBB49625183A9600F13865 /* FriendFaceApp.swift */,
				44DBB49825183A9600F13865 /* ContentView.swift */,
				44DBB4AF25186AE900F13865 /* DetailView.swift */,
				44DBB4B12518749C00F13865 /* IsActive.swift */,
				44201BB42518F08400A044C4 /* CustomStyles.swift */,
				44DBB4A725183AE200F13865 /* DataModel */,
				44DBB49A25183A9900F13865 /* Assets.xcassets */,
				44DBB49F25183A9900F13865 /* Info.plist */,
				44DBB49C25183A9900F13865 /* Preview Content */,
			);
			path = FriendFace;
			sourceTree = "<group>";
		};
		44DBB49C25183A9900F13865 /* Preview Content */ = {
			isa = PBXGroup;
			children = (
				44DBB49D25183A9900F13865 /* Preview Assets.xcassets */,
			);
			path = "Preview Content";
			sourceTree = "<group>";
		};
		44DBB4A725183AE200F13865 /* DataModel */ = {
			isa = PBXGroup;
			children = (
				44DBB4A525183ACB00F13865 /* friendface.json */,
				44DBB4A925183B8000F13865 /* User&Friend.swift */,
				4479ECC12518FECA00153B15 /* UserData.swift */,
			);
			path = DataModel;
			sourceTree = "<group>";
		};
/* End PBXGroup section */

/* Begin PBXNativeTarget section */
		44DBB49225183A9600F13865 /* FriendFace */ = {
			isa = PBXNativeTarget;
			buildConfigurationList = 44DBB4A225183A9900F13865 /* Build configuration list for PBXNativeTarget "FriendFace" */;
			buildPhases = (
				44DBB48F25183A9600F13865 /* Sources */,
				44DBB49025183A9600F13865 /* Frameworks */,
				44DBB49125183A9600F13865 /* Resources */,
			);
			buildRules = (
			);
			dependencies = (
			);
			name = FriendFace;
			productName = FriendFace;
			productReference = 44DBB49325183A9600F13865 /* FriendFace.app */;
			productType = "com.apple.product-type.application";
		};
/* End PBXNativeTarget section */

/* Begin PBXProject section */
		44DBB48B25183A9600F13865 /* Project object */ = {
			isa = PBXProject;
			attributes = {
				LastSwiftUpdateCheck = 1200;
				LastUpgradeCheck = 1200;
				TargetAttributes = {
					44DBB49225183A9600F13865 = {
						CreatedOnToolsVersion = 12.0;
					};
				};
			};
			buildConfigurationList = 44DBB48E25183A9600F13865 /* Build configuration list for PBXProject "FriendFace" */;
			compatibilityVersion = "Xcode 9.3";
			developmentRegion = en;
			hasScannedForEncodings = 0;
			knownRegions = (
				en,
				Base,
			);
			mainGroup = 44DBB48A25183A9600F13865;
			productRefGroup = 44DBB49425183A9600F13865 /* Products */;
			projectDirPath = "";
			projectRoot = "";
			targets = (
				44DBB49225183A9600F13865 /* FriendFace */,
			);
		};
/* End PBXProject section */

/* Begin PBXResourcesBuildPhase section */
		44DBB49125183A9600F13865 /* Resources */ = {
			isa = PBXResourcesBuildPhase;
			buildActionMask = 2147483647;
			files = (
				44DBB49E25183A9900F13865 /* Preview Assets.xcassets in Resources */,
				44DBB49B25183A9900F13865 /* Assets.xcassets in Resources */,
				44DBB4A625183ACC00F13865 /* friendface.json in Resources */,
			);
			runOnlyForDeploymentPostprocessing = 0;
		};
/* End PBXResourcesBuildPhase section */

/* Begin PBXSourcesBuildPhase section */
		44DBB48F25183A9600F13865 /* Sources */ = {
			isa = PBXSourcesBuildPhase;
			buildActionMask = 2147483647;
			files = (
				44201BB52518F08400A044C4 /* CustomStyles.swift in Sources */,
				44DBB49925183A9600F13865 /* ContentView.swift in Sources */,
				4479ECC22518FECA00153B15 /* UserData.swift in Sources */,
				44DBB4B025186AE900F13865 /* DetailView.swift in Sources */,
				44DBB4B22518749C00F13865 /* IsActive.swift in Sources */,
				44DBB49725183A9600F13865 /* FriendFaceApp.swift in Sources */,
				44DBB4AA25183B8000F13865 /* User&Friend.swift in Sources */,
			);
			runOnlyForDeploymentPostprocessing = 0;
		};
/* End PBXSourcesBuildPhase section */

/* Begin XCBuildConfiguration section */
		44DBB4A025183A9900F13865 /* Debug */ = {
			isa = XCBuildConfiguration;
			buildSettings = {
				ALWAYS_SEARCH_USER_PATHS = NO;
				CLANG_ANALYZER_NONNULL = YES;
				CLANG_ANALYZER_NUMBER_OBJECT_CONVERSION = YES_AGGRESSIVE;
				CLANG_CXX_LANGUAGE_STANDARD = "gnu++14";
				CLANG_CXX_LIBRARY = "libc++";
				CLANG_ENABLE_MODULES = YES;
				CLANG_ENABLE_OBJC_ARC = YES;
				CLANG_ENABLE_OBJC_WEAK = YES;
				CLANG_WARN_BLOCK_CAPTURE_AUTORELEASING = YES;
				CLANG_WARN_BOOL_CONVERSION = YES;
				CLANG_WARN_COMMA = YES;
				CLANG_WARN_CONSTANT_CONVERSION = YES;
				CLANG_WARN_DEPRECATED_OBJC_IMPLEMENTATIONS = YES;
				CLANG_WARN_DIRECT_OBJC_ISA_USAGE = YES_ERROR;
				CLANG_WARN_DOCUMENTATION_COMMENTS = YES;
				CLANG_WARN_EMPTY_BODY = YES;
				CLANG_WARN_ENUM_CONVERSION = YES;
				CLANG_WARN_INFINITE_RECURSION = YES;
				CLANG_WARN_INT_CONVERSION = YES;
				CLANG_WARN_NON_LITERAL_NULL_CONVERSION = YES;
				CLANG_WARN_OBJC_IMPLICIT_RETAIN_SELF = YES;
				CLANG_WARN_OBJC_LITERAL_CONVERSION = YES;
				CLANG_WARN_OBJC_ROOT_CLASS = YES_ERROR;
				CLANG_WARN_QUOTED_INCLUDE_IN_FRAMEWORK_HEADER = YES;
				CLANG_WARN_RANGE_LOOP_ANALYSIS = YES;
				CLANG_WARN_STRICT_PROTOTYPES = YES;
				CLANG_WARN_SUSPICIOUS_MOVE = YES;
				CLANG_WARN_UNGUARDED_AVAILABILITY = YES_AGGRESSIVE;
				CLANG_WARN_UNREACHABLE_CODE = YES;
				CLANG_WARN__DUPLICATE_METHOD_MATCH = YES;
				COPY_PHASE_STRIP = NO;
				DEBUG_INFORMATION_FORMAT = dwarf;
				ENABLE_STRICT_OBJC_MSGSEND = YES;
				ENABLE_TESTABILITY = YES;
				GCC_C_LANGUAGE_STANDARD = gnu11;
				GCC_DYNAMIC_NO_PIC = NO;
				GCC_NO_COMMON_BLOCKS = YES;
				GCC_OPTIMIZATION_LEVEL = 0;
				GCC_PREPROCESSOR_DEFINITIONS = (
					"DEBUG=1",
					"$(inherited)",
				);
				GCC_WARN_64_TO_32_BIT_CONVERSION = YES;
				GCC_WARN_ABOUT_RETURN_TYPE = YES_ERROR;
				GCC_WARN_UNDECLARED_SELECTOR = YES;
				GCC_WARN_UNINITIALIZED_AUTOS = YES_AGGRESSIVE;
				GCC_WARN_UNUSED_FUNCTION = YES;
				GCC_WARN_UNUSED_VARIABLE = YES;
				IPHONEOS_DEPLOYMENT_TARGET = 14.0;
				MTL_ENABLE_DEBUG_INFO = INCLUDE_SOURCE;
				MTL_FAST_MATH = YES;
				ONLY_ACTIVE_ARCH = YES;
				SDKROOT = iphoneos;
				SWIFT_ACTIVE_COMPILATION_CONDITIONS = DEBUG;
				SWIFT_OPTIMIZATION_LEVEL = "-Onone";
			};
			name = Debug;
		};
		44DBB4A125183A9900F13865 /* Release */ = {
			isa = XCBuildConfiguration;
			buildSettings = {
				ALWAYS_SEARCH_USER_PATHS = NO;
				CLANG_ANALYZER_NONNULL = YES;
				CLANG_ANALYZER_NUMBER_OBJECT_CONVERSION = YES_AGGRESSIVE;
				CLANG_CXX_LANGUAGE_STANDARD = "gnu++14";
				CLANG_CXX_LIBRARY = "libc++";
				CLANG_ENABLE_MODULES = YES;
				CLANG_ENABLE_OBJC_ARC = YES;
				CLANG_ENABLE_OBJC_WEAK = YES;
				CLANG_WARN_BLOCK_CAPTURE_AUTORELEASING = YES;
				CLANG_WARN_BOOL_CONVERSION = YES;
				CLANG_WARN_COMMA = YES;
				CLANG_WARN_CONSTANT_CONVERSION = YES;
				CLANG_WARN_DEPRECATED_OBJC_IMPLEMENTATIONS = YES;
				CLANG_WARN_DIRECT_OBJC_ISA_USAGE = YES_ERROR;
				CLANG_WARN_DOCUMENTATION_COMMENTS = YES;
				CLANG_WARN_EMPTY_BODY = YES;
				CLANG_WARN_ENUM_CONVERSION = YES;
				CLANG_WARN_INFINITE_RECURSION = YES;
				CLANG_WARN_INT_CONVERSION = YES;
				CLANG_WARN_NON_LITERAL_NULL_CONVERSION = YES;
				CLANG_WARN_OBJC_IMPLICIT_RETAIN_SELF = YES;
				CLANG_WARN_OBJC_LITERAL_CONVERSION = YES;
				CLANG_WARN_OBJC_ROOT_CLASS = YES_ERROR;
				CLANG_WARN_QUOTED_INCLUDE_IN_FRAMEWORK_HEADER = YES;
				CLANG_WARN_RANGE_LOOP_ANALYSIS = YES;
				CLANG_WARN_STRICT_PROTOTYPES = YES;
				CLANG_WARN_SUSPICIOUS_MOVE = YES;
				CLANG_WARN_UNGUARDED_AVAILABILITY = YES_AGGRESSIVE;
				CLANG_WARN_UNREACHABLE_CODE = YES;
				CLANG_WARN__DUPLICATE_METHOD_MATCH = YES;
				COPY_PHASE_STRIP = NO;
				DEBUG_INFORMATION_FORMAT = "dwarf-with-dsym";
				ENABLE_NS_ASSERTIONS = NO;
				ENABLE_STRICT_OBJC_MSGSEND = YES;
				GCC_C_LANGUAGE_STANDARD = gnu11;
				GCC_NO_COMMON_BLOCKS = YES;
				GCC_WARN_64_TO_32_BIT_CONVERSION = YES;
				GCC_WARN_ABOUT_RETURN_TYPE = YES_ERROR;
				GCC_WARN_UNDECLARED_SELECTOR = YES;
				GCC_WARN_UNINITIALIZED_AUTOS = YES_AGGRESSIVE;
				GCC_WARN_UNUSED_FUNCTION = YES;
				GCC_WARN_UNUSED_VARIABLE = YES;
				IPHONEOS_DEPLOYMENT_TARGET = 14.0;
				MTL_ENABLE_DEBUG_INFO = NO;
				MTL_FAST_MATH = YES;
				SDKROOT = iphoneos;
				SWIFT_COMPILATION_MODE = wholemodule;
				SWIFT_OPTIMIZATION_LEVEL = "-O";
				VALIDATE_PRODUCT = YES;
			};
			name = Release;
		};
		44DBB4A325183A9900F13865 /* Debug */ = {
			isa = XCBuildConfiguration;
			buildSettings = {
				ASSETCATALOG_COMPILER_APPICON_NAME = AppIcon;
				ASSETCATALOG_COMPILER_GLOBAL_ACCENT_COLOR_NAME = AccentColor;
				CODE_SIGN_STYLE = Automatic;
				DEVELOPMENT_ASSET_PATHS = "\"FriendFace/Preview Content\"";
				ENABLE_PREVIEWS = YES;
				INFOPLIST_FILE = FriendFace/Info.plist;
				IPHONEOS_DEPLOYMENT_TARGET = 14.0;
				LD_RUNPATH_SEARCH_PATHS = (
					"$(inherited)",
					"@executable_path/Frameworks",
				);
				PRODUCT_BUNDLE_IDENTIFIER = BenKeys.FriendFace;
				PRODUCT_NAME = "$(TARGET_NAME)";
				SWIFT_VERSION = 5.0;
				TARGETED_DEVICE_FAMILY = "1,2";
			};
			name = Debug;
		};
		44DBB4A425183A9900F13865 /* Release */ = {
			isa = XCBuildConfiguration;
			buildSettings = {
				ASSETCATALOG_COMPILER_APPICON_NAME = AppIcon;
				ASSETCATALOG_COMPILER_GLOBAL_ACCENT_COLOR_NAME = AccentColor;
				CODE_SIGN_STYLE = Automatic;
				DEVELOPMENT_ASSET_PATHS = "\"FriendFace/Preview Content\"";
				ENABLE_PREVIEWS = YES;
				INFOPLIST_FILE = FriendFace/Info.plist;
				IPHONEOS_DEPLOYMENT_TARGET = 14.0;
				LD_RUNPATH_SEARCH_PATHS = (
					"$(inherited)",
					"@executable_path/Frameworks",
				);
				PRODUCT_BUNDLE_IDENTIFIER = BenKeys.FriendFace;
				PRODUCT_NAME = "$(TARGET_NAME)";
				SWIFT_VERSION = 5.0;
				TARGETED_DEVICE_FAMILY = "1,2";
			};
			name = Release;
		};
/* End XCBuildConfiguration section */

/* Begin XCConfigurationList section */
		44DBB48E25183A9600F13865 /* Build configuration list for PBXProject "FriendFace" */ = {
			isa = XCConfigurationList;
			buildConfigurations = (
				44DBB4A025183A9900F13865 /* Debug */,
				44DBB4A125183A9900F13865 /* Release */,
			);
			defaultConfigurationIsVisible = 0;
			defaultConfigurationName = Release;
		};
		44DBB4A225183A9900F13865 /* Build configuration list for PBXNativeTarget "FriendFace" */ = {
			isa = XCConfigurationList;
			buildConfigurations = (
				44DBB4A325183A9900F13865 /* Debug */,
				44DBB4A425183A9900F13865 /* Release */,
			);
			defaultConfigurationIsVisible = 0;
			defaultConfigurationName = Release;
		};
/* End XCConfigurationList section */
	};
	rootObject = 44DBB48B25183A9600F13865 /* Project object */;
}
