// !$*UTF8*$!
{
	archiveVersion = 1;
	classes = {
	};
	objectVersion = 50;
	objects = {

/* Begin PBXBuildFile section */
		445C9D5C24C4EB1B0050ACAB /* AppDelegate.swift in Sources */ = {isa = PBXBuildFile; fileRef = 445C9D5B24C4EB1B0050ACAB /* AppDelegate.swift */; };
		445C9D5E24C4EB1B0050ACAB /* SceneDelegate.swift in Sources */ = {isa = PBXBuildFile; fileRef = 445C9D5D24C4EB1B0050ACAB /* SceneDelegate.swift */; };
		445C9D6124C4EB1B0050ACAB /* FriendFace.xcdatamodeld in Sources */ = {isa = PBXBuildFile; fileRef = 445C9D5F24C4EB1B0050ACAB /* FriendFace.xcdatamodeld */; };
		445C9D6324C4EB1B0050ACAB /* ContentView.swift in Sources */ = {isa = PBXBuildFile; fileRef = 445C9D6224C4EB1B0050ACAB /* ContentView.swift */; };
		445C9D6524C4EB1D0050ACAB /* Assets.xcassets in Resources */ = {isa = PBXBuildFile; fileRef = 445C9D6424C4EB1D0050ACAB /* Assets.xcassets */; };
		445C9D6824C4EB1D0050ACAB /* Preview Assets.xcassets in Resources */ = {isa = PBXBuildFile; fileRef = 445C9D6724C4EB1D0050ACAB /* Preview Assets.xcassets */; };
		445C9D6B24C4EB1D0050ACAB /* LaunchScreen.storyboard in Resources */ = {isa = PBXBuildFile; fileRef = 445C9D6924C4EB1D0050ACAB /* LaunchScreen.storyboard */; };
		445C9D7F24C4F5740050ACAB /* User+CoreDataClass.swift in Sources */ = {isa = PBXBuildFile; fileRef = 445C9D7B24C4F5740050ACAB /* User+CoreDataClass.swift */; };
		445C9D8024C4F5740050ACAB /* User+CoreDataProperties.swift in Sources */ = {isa = PBXBuildFile; fileRef = 445C9D7C24C4F5740050ACAB /* User+CoreDataProperties.swift */; };
		445C9D8124C4F5740050ACAB /* Friend+CoreDataClass.swift in Sources */ = {isa = PBXBuildFile; fileRef = 445C9D7D24C4F5740050ACAB /* Friend+CoreDataClass.swift */; };
		445C9D8224C4F5740050ACAB /* Friend+CoreDataProperties.swift in Sources */ = {isa = PBXBuildFile; fileRef = 445C9D7E24C4F5740050ACAB /* Friend+CoreDataProperties.swift */; };
/* End PBXBuildFile section */

/* Begin PBXFileReference section */
		445C9D5824C4EB1B0050ACAB /* FriendFace.app */ = {isa = PBXFileReference; explicitFileType = wrapper.application; includeInIndex = 0; path = FriendFace.app; sourceTree = BUILT_PRODUCTS_DIR; };
		445C9D5B24C4EB1B0050ACAB /* AppDelegate.swift */ = {isa = PBXFileReference; lastKnownFileType = sourcecode.swift; path = AppDelegate.swift; sourceTree = "<group>"; };
		445C9D5D24C4EB1B0050ACAB /* SceneDelegate.swift */ = {isa = PBXFileReference; lastKnownFileType = sourcecode.swift; path = SceneDelegate.swift; sourceTree = "<group>"; };
		445C9D6024C4EB1B0050ACAB /* FriendFace.xcdatamodel */ = {isa = PBXFileReference; lastKnownFileType = wrapper.xcdatamodel; path = FriendFace.xcdatamodel; sourceTree = "<group>"; };
		445C9D6224C4EB1B0050ACAB /* ContentView.swift */ = {isa = PBXFileReference; lastKnownFileType = sourcecode.swift; path = ContentView.swift; sourceTree = "<group>"; };
		445C9D6424C4EB1D0050ACAB /* Assets.xcassets */ = {isa = PBXFileReference; lastKnownFileType = folder.assetcatalog; path = Assets.xcassets; sourceTree = "<group>"; };
		445C9D6724C4EB1D0050ACAB /* Preview Assets.xcassets */ = {isa = PBXFileReference; lastKnownFileType = folder.assetcatalog; path = "Preview Assets.xcassets"; sourceTree = "<group>"; };
		445C9D6A24C4EB1D0050ACAB /* Base */ = {isa = PBXFileReference; lastKnownFileType = file.storyboard; name = Base; path = Base.lproj/LaunchScreen.storyboard; sourceTree = "<group>"; };
		445C9D6C24C4EB1D0050ACAB /* Info.plist */ = {isa = PBXFileReference; lastKnownFileType = text.plist.xml; path = Info.plist; sourceTree = "<group>"; };
		445C9D7B24C4F5740050ACAB /* User+CoreDataClass.swift */ = {isa = PBXFileReference; lastKnownFileType = sourcecode.swift; path = "User+CoreDataClass.swift"; sourceTree = "<group>"; };
		445C9D7C24C4F5740050ACAB /* User+CoreDataProperties.swift */ = {isa = PBXFileReference; lastKnownFileType = sourcecode.swift; path = "User+CoreDataProperties.swift"; sourceTree = "<group>"; };
		445C9D7D24C4F5740050ACAB /* Friend+CoreDataClass.swift */ = {isa = PBXFileReference; lastKnownFileType = sourcecode.swift; path = "Friend+CoreDataClass.swift"; sourceTree = "<group>"; };
		445C9D7E24C4F5740050ACAB /* Friend+CoreDataProperties.swift */ = {isa = PBXFileReference; lastKnownFileType = sourcecode.swift; path = "Friend+CoreDataProperties.swift"; sourceTree = "<group>"; };
/* End PBXFileReference section */

/* Begin PBXFrameworksBuildPhase section */
		445C9D5524C4EB1B0050ACAB /* Frameworks */ = {
			isa = PBXFrameworksBuildPhase;
			buildActionMask = 2147483647;
			files = (
			);
			runOnlyForDeploymentPostprocessing = 0;
		};
/* End PBXFrameworksBuildPhase section */

/* Begin PBXGroup section */
		445C9D4F24C4EB1B0050ACAB = {
			isa = PBXGroup;
			children = (
				445C9D5A24C4EB1B0050ACAB /* FriendFace */,
				445C9D5924C4EB1B0050ACAB /* Products */,
			);
			sourceTree = "<group>";
		};
		445C9D5924C4EB1B0050ACAB /* Products */ = {
			isa = PBXGroup;
			children = (
				445C9D5824C4EB1B0050ACAB /* FriendFace.app */,
			);
			name = Products;
			sourceTree = "<group>";
		};
		445C9D5A24C4EB1B0050ACAB /* FriendFace */ = {
			isa = PBXGroup;
			children = (
				445C9D7224C4EDBB0050ACAB /* Core Data Classes */,
				445C9D5B24C4EB1B0050ACAB /* AppDelegate.swift */,
				445C9D5D24C4EB1B0050ACAB /* SceneDelegate.swift */,
				445C9D6224C4EB1B0050ACAB /* ContentView.swift */,
				445C9D6424C4EB1D0050ACAB /* Assets.xcassets */,
				445C9D6924C4EB1D0050ACAB /* LaunchScreen.storyboard */,
				445C9D6C24C4EB1D0050ACAB /* Info.plist */,
				445C9D5F24C4EB1B0050ACAB /* FriendFace.xcdatamodeld */,
				445C9D6624C4EB1D0050ACAB /* Preview Content */,
			);
			path = FriendFace;
			sourceTree = "<group>";
		};
		445C9D6624C4EB1D0050ACAB /* Preview Content */ = {
			isa = PBXGroup;
			children = (
				445C9D6724C4EB1D0050ACAB /* Preview Assets.xcassets */,
			);
			path = "Preview Content";
			sourceTree = "<group>";
		};
		445C9D7224C4EDBB0050ACAB /* Core Data Classes */ = {
			isa = PBXGroup;
			children = (
				445C9D7B24C4F5740050ACAB /* User+CoreDataClass.swift */,
				445C9D7C24C4F5740050ACAB /* User+CoreDataProperties.swift */,
				445C9D7D24C4F5740050ACAB /* Friend+CoreDataClass.swift */,
				445C9D7E24C4F5740050ACAB /* Friend+CoreDataProperties.swift */,
			);
			path = "Core Data Classes";
			sourceTree = "<group>";
		};
/* End PBXGroup section */

/* Begin PBXNativeTarget section */
		445C9D5724C4EB1B0050ACAB /* FriendFace */ = {
			isa = PBXNativeTarget;
			buildConfigurationList = 445C9D6F24C4EB1D0050ACAB /* Build configuration list for PBXNativeTarget "FriendFace" */;
			buildPhases = (
				445C9D5424C4EB1B0050ACAB /* Sources */,
				445C9D5524C4EB1B0050ACAB /* Frameworks */,
				445C9D5624C4EB1B0050ACAB /* Resources */,
			);
			buildRules = (
			);
			dependencies = (
			);
			name = FriendFace;
			productName = FriendFace;
			productReference = 445C9D5824C4EB1B0050ACAB /* FriendFace.app */;
			productType = "com.apple.product-type.application";
		};
/* End PBXNativeTarget section */

/* Begin PBXProject section */
		445C9D5024C4EB1B0050ACAB /* Project object */ = {
			isa = PBXProject;
			attributes = {
				LastSwiftUpdateCheck = 1160;
				LastUpgradeCheck = 1160;
				ORGANIZATIONNAME = "Ben Keys";
				TargetAttributes = {
					445C9D5724C4EB1B0050ACAB = {
						CreatedOnToolsVersion = 11.6;
					};
				};
			};
			buildConfigurationList = 445C9D5324C4EB1B0050ACAB /* Build configuration list for PBXProject "FriendFace" */;
			compatibilityVersion = "Xcode 9.3";
			developmentRegion = en;
			hasScannedForEncodings = 0;
			knownRegions = (
				en,
				Base,
			);
			mainGroup = 445C9D4F24C4EB1B0050ACAB;
			productRefGroup = 445C9D5924C4EB1B0050ACAB /* Products */;
			projectDirPath = "";
			projectRoot = "";
			targets = (
				445C9D5724C4EB1B0050ACAB /* FriendFace */,
			);
		};
/* End PBXProject section */

/* Begin PBXResourcesBuildPhase section */
		445C9D5624C4EB1B0050ACAB /* Resources */ = {
			isa = PBXResourcesBuildPhase;
			buildActionMask = 2147483647;
			files = (
				445C9D6B24C4EB1D0050ACAB /* LaunchScreen.storyboard in Resources */,
				445C9D6824C4EB1D0050ACAB /* Preview Assets.xcassets in Resources */,
				445C9D6524C4EB1D0050ACAB /* Assets.xcassets in Resources */,
			);
			runOnlyForDeploymentPostprocessing = 0;
		};
/* End PBXResourcesBuildPhase section */

/* Begin PBXSourcesBuildPhase section */
		445C9D5424C4EB1B0050ACAB /* Sources */ = {
			isa = PBXSourcesBuildPhase;
			buildActionMask = 2147483647;
			files = (
				445C9D6124C4EB1B0050ACAB /* FriendFace.xcdatamodeld in Sources */,
				445C9D5C24C4EB1B0050ACAB /* AppDelegate.swift in Sources */,
				445C9D8024C4F5740050ACAB /* User+CoreDataProperties.swift in Sources */,
				445C9D6324C4EB1B0050ACAB /* ContentView.swift in Sources */,
				445C9D5E24C4EB1B0050ACAB /* SceneDelegate.swift in Sources */,
				445C9D8224C4F5740050ACAB /* Friend+CoreDataProperties.swift in Sources */,
				445C9D8124C4F5740050ACAB /* Friend+CoreDataClass.swift in Sources */,
				445C9D7F24C4F5740050ACAB /* User+CoreDataClass.swift in Sources */,
			);
			runOnlyForDeploymentPostprocessing = 0;
		};
/* End PBXSourcesBuildPhase section */

/* Begin PBXVariantGroup section */
		445C9D6924C4EB1D0050ACAB /* LaunchScreen.storyboard */ = {
			isa = PBXVariantGroup;
			children = (
				445C9D6A24C4EB1D0050ACAB /* Base */,
			);
			name = LaunchScreen.storyboard;
			sourceTree = "<group>";
		};
/* End PBXVariantGroup section */

/* Begin XCBuildConfiguration section */
		445C9D6D24C4EB1D0050ACAB /* Debug */ = {
			isa = XCBuildConfiguration;
			buildSettings = {
				ALWAYS_SEARCH_USER_PATHS = NO;
				CLANG_ANALYZER_NONNULL = YES;
				CLANG_ANALYZER_NUMBER_OBJECT_CONVERSION = YES_AGGRESSIVE;
				CLANG_CXX_LANGUAGE_STANDARD = "gnu++14";
				CLANG_CXX_LIBRARY = "libc++";
				CLANG_ENABLE_MODULES = YES;
				CLANG_ENABLE_OBJC_ARC = YES;
				CLANG_ENABLE_OBJC_WEAK = YES;
				CLANG_WARN_BLOCK_CAPTURE_AUTORELEASING = YES;
				CLANG_WARN_BOOL_CONVERSION = YES;
				CLANG_WARN_COMMA = YES;
				CLANG_WARN_CONSTANT_CONVERSION = YES;
				CLANG_WARN_DEPRECATED_OBJC_IMPLEMENTATIONS = YES;
				CLANG_WARN_DIRECT_OBJC_ISA_USAGE = YES_ERROR;
				CLANG_WARN_DOCUMENTATION_COMMENTS = YES;
				CLANG_WARN_EMPTY_BODY = YES;
				CLANG_WARN_ENUM_CONVERSION = YES;
				CLANG_WARN_INFINITE_RECURSION = YES;
				CLANG_WARN_INT_CONVERSION = YES;
				CLANG_WARN_NON_LITERAL_NULL_CONVERSION = YES;
				CLANG_WARN_OBJC_IMPLICIT_RETAIN_SELF = YES;
				CLANG_WARN_OBJC_LITERAL_CONVERSION = YES;
				CLANG_WARN_OBJC_ROOT_CLASS = YES_ERROR;
				CLANG_WARN_RANGE_LOOP_ANALYSIS = YES;
				CLANG_WARN_STRICT_PROTOTYPES = YES;
				CLANG_WARN_SUSPICIOUS_MOVE = YES;
				CLANG_WARN_UNGUARDED_AVAILABILITY = YES_AGGRESSIVE;
				CLANG_WARN_UNREACHABLE_CODE = YES;
				CLANG_WARN__DUPLICATE_METHOD_MATCH = YES;
				COPY_PHASE_STRIP = NO;
				DEBUG_INFORMATION_FORMAT = dwarf;
				ENABLE_STRICT_OBJC_MSGSEND = YES;
				ENABLE_TESTABILITY = YES;
				GCC_C_LANGUAGE_STANDARD = gnu11;
				GCC_DYNAMIC_NO_PIC = NO;
				GCC_NO_COMMON_BLOCKS = YES;
				GCC_OPTIMIZATION_LEVEL = 0;
				GCC_PREPROCESSOR_DEFINITIONS = (
					"DEBUG=1",
					"$(inherited)",
				);
				GCC_WARN_64_TO_32_BIT_CONVERSION = YES;
				GCC_WARN_ABOUT_RETURN_TYPE = YES_ERROR;
				GCC_WARN_UNDECLARED_SELECTOR = YES;
				GCC_WARN_UNINITIALIZED_AUTOS = YES_AGGRESSIVE;
				GCC_WARN_UNUSED_FUNCTION = YES;
				GCC_WARN_UNUSED_VARIABLE = YES;
				IPHONEOS_DEPLOYMENT_TARGET = 13.6;
				MTL_ENABLE_DEBUG_INFO = INCLUDE_SOURCE;
				MTL_FAST_MATH = YES;
				ONLY_ACTIVE_ARCH = YES;
				SDKROOT = iphoneos;
				SWIFT_ACTIVE_COMPILATION_CONDITIONS = DEBUG;
				SWIFT_OPTIMIZATION_LEVEL = "-Onone";
			};
			name = Debug;
		};
		445C9D6E24C4EB1D0050ACAB /* Release */ = {
			isa = XCBuildConfiguration;
			buildSettings = {
				ALWAYS_SEARCH_USER_PATHS = NO;
				CLANG_ANALYZER_NONNULL = YES;
				CLANG_ANALYZER_NUMBER_OBJECT_CONVERSION = YES_AGGRESSIVE;
				CLANG_CXX_LANGUAGE_STANDARD = "gnu++14";
				CLANG_CXX_LIBRARY = "libc++";
				CLANG_ENABLE_MODULES = YES;
				CLANG_ENABLE_OBJC_ARC = YES;
				CLANG_ENABLE_OBJC_WEAK = YES;
				CLANG_WARN_BLOCK_CAPTURE_AUTORELEASING = YES;
				CLANG_WARN_BOOL_CONVERSION = YES;
				CLANG_WARN_COMMA = YES;
				CLANG_WARN_CONSTANT_CONVERSION = YES;
				CLANG_WARN_DEPRECATED_OBJC_IMPLEMENTATIONS = YES;
				CLANG_WARN_DIRECT_OBJC_ISA_USAGE = YES_ERROR;
				CLANG_WARN_DOCUMENTATION_COMMENTS = YES;
				CLANG_WARN_EMPTY_BODY = YES;
				CLANG_WARN_ENUM_CONVERSION = YES;
				CLANG_WARN_INFINITE_RECURSION = YES;
				CLANG_WARN_INT_CONVERSION = YES;
				CLANG_WARN_NON_LITERAL_NULL_CONVERSION = YES;
				CLANG_WARN_OBJC_IMPLICIT_RETAIN_SELF = YES;
				CLANG_WARN_OBJC_LITERAL_CONVERSION = YES;
				CLANG_WARN_OBJC_ROOT_CLASS = YES_ERROR;
				CLANG_WARN_RANGE_LOOP_ANALYSIS = YES;
				CLANG_WARN_STRICT_PROTOTYPES = YES;
				CLANG_WARN_SUSPICIOUS_MOVE = YES;
				CLANG_WARN_UNGUARDED_AVAILABILITY = YES_AGGRESSIVE;
				CLANG_WARN_UNREACHABLE_CODE = YES;
				CLANG_WARN__DUPLICATE_METHOD_MATCH = YES;
				COPY_PHASE_STRIP = NO;
				DEBUG_INFORMATION_FORMAT = "dwarf-with-dsym";
				ENABLE_NS_ASSERTIONS = NO;
				ENABLE_STRICT_OBJC_MSGSEND = YES;
				GCC_C_LANGUAGE_STANDARD = gnu11;
				GCC_NO_COMMON_BLOCKS = YES;
				GCC_WARN_64_TO_32_BIT_CONVERSION = YES;
				GCC_WARN_ABOUT_RETURN_TYPE = YES_ERROR;
				GCC_WARN_UNDECLARED_SELECTOR = YES;
				GCC_WARN_UNINITIALIZED_AUTOS = YES_AGGRESSIVE;
				GCC_WARN_UNUSED_FUNCTION = YES;
				GCC_WARN_UNUSED_VARIABLE = YES;
				IPHONEOS_DEPLOYMENT_TARGET = 13.6;
				MTL_ENABLE_DEBUG_INFO = NO;
				MTL_FAST_MATH = YES;
				SDKROOT = iphoneos;
				SWIFT_COMPILATION_MODE = wholemodule;
				SWIFT_OPTIMIZATION_LEVEL = "-O";
				VALIDATE_PRODUCT = YES;
			};
			name = Release;
		};
		445C9D7024C4EB1D0050ACAB /* Debug */ = {
			isa = XCBuildConfiguration;
			buildSettings = {
				ASSETCATALOG_COMPILER_APPICON_NAME = AppIcon;
				CODE_SIGN_STYLE = Automatic;
				DEVELOPMENT_ASSET_PATHS = "\"FriendFace/Preview Content\"";
				ENABLE_PREVIEWS = YES;
				INFOPLIST_FILE = FriendFace/Info.plist;
				LD_RUNPATH_SEARCH_PATHS = (
					"$(inherited)",
					"@executable_path/Frameworks",
				);
				PRODUCT_BUNDLE_IDENTIFIER = com.BenKeys.FriendFace;
				PRODUCT_NAME = "$(TARGET_NAME)";
				SWIFT_VERSION = 5.0;
				TARGETED_DEVICE_FAMILY = "1,2";
			};
			name = Debug;
		};
		445C9D7124C4EB1D0050ACAB /* Release */ = {
			isa = XCBuildConfiguration;
			buildSettings = {
				ASSETCATALOG_COMPILER_APPICON_NAME = AppIcon;
				CODE_SIGN_STYLE = Automatic;
				DEVELOPMENT_ASSET_PATHS = "\"FriendFace/Preview Content\"";
				ENABLE_PREVIEWS = YES;
				INFOPLIST_FILE = FriendFace/Info.plist;
				LD_RUNPATH_SEARCH_PATHS = (
					"$(inherited)",
					"@executable_path/Frameworks",
				);
				PRODUCT_BUNDLE_IDENTIFIER = com.BenKeys.FriendFace;
				PRODUCT_NAME = "$(TARGET_NAME)";
				SWIFT_VERSION = 5.0;
				TARGETED_DEVICE_FAMILY = "1,2";
			};
			name = Release;
		};
/* End XCBuildConfiguration section */

/* Begin XCConfigurationList section */
		445C9D5324C4EB1B0050ACAB /* Build configuration list for PBXProject "FriendFace" */ = {
			isa = XCConfigurationList;
			buildConfigurations = (
				445C9D6D24C4EB1D0050ACAB /* Debug */,
				445C9D6E24C4EB1D0050ACAB /* Release */,
			);
			defaultConfigurationIsVisible = 0;
			defaultConfigurationName = Release;
		};
		445C9D6F24C4EB1D0050ACAB /* Build configuration list for PBXNativeTarget "FriendFace" */ = {
			isa = XCConfigurationList;
			buildConfigurations = (
				445C9D7024C4EB1D0050ACAB /* Debug */,
				445C9D7124C4EB1D0050ACAB /* Release */,
			);
			defaultConfigurationIsVisible = 0;
			defaultConfigurationName = Release;
		};
/* End XCConfigurationList section */

/* Begin XCVersionGroup section */
		445C9D5F24C4EB1B0050ACAB /* FriendFace.xcdatamodeld */ = {
			isa = XCVersionGroup;
			children = (
				445C9D6024C4EB1B0050ACAB /* FriendFace.xcdatamodel */,
			);
			currentVersion = 445C9D6024C4EB1B0050ACAB /* FriendFace.xcdatamodel */;
			path = FriendFace.xcdatamodeld;
			sourceTree = "<group>";
			versionGroupType = wrapper.xcdatamodel;
		};
/* End XCVersionGroup section */
	};
	rootObject = 445C9D5024C4EB1B0050ACAB /* Project object */;
}
