// !$*UTF8*$!
{
	archiveVersion = 1;
	classes = {
	};
	objectVersion = 50;
	objects = {

/* Begin PBXBuildFile section */
		44949D8A251A4590007FF070 /* FriendFaceApp.swift in Sources */ = {isa = PBXBuildFile; fileRef = 44949D89251A4590007FF070 /* FriendFaceApp.swift */; };
		44949D8C251A4590007FF070 /* ContentView.swift in Sources */ = {isa = PBXBuildFile; fileRef = 44949D8B251A4590007FF070 /* ContentView.swift */; };
		44949D8E251A4593007FF070 /* Assets.xcassets in Resources */ = {isa = PBXBuildFile; fileRef = 44949D8D251A4593007FF070 /* Assets.xcassets */; };
		44949D91251A4593007FF070 /* Preview Assets.xcassets in Resources */ = {isa = PBXBuildFile; fileRef = 44949D90251A4593007FF070 /* Preview Assets.xcassets */; };
		44949DA2251A45BC007FF070 /* Friend+CoreDataProperties.swift in Sources */ = {isa = PBXBuildFile; fileRef = 44949D99251A45BB007FF070 /* Friend+CoreDataProperties.swift */; };
		44949DA3251A45BC007FF070 /* Friend+CoreDataClass.swift in Sources */ = {isa = PBXBuildFile; fileRef = 44949D9A251A45BB007FF070 /* Friend+CoreDataClass.swift */; };
		44949DA4251A45BC007FF070 /* friendface.json in Resources */ = {isa = PBXBuildFile; fileRef = 44949D9B251A45BB007FF070 /* friendface.json */; };
		44949DA5251A45BC007FF070 /* UserData.swift in Sources */ = {isa = PBXBuildFile; fileRef = 44949D9C251A45BB007FF070 /* UserData.swift */; };
		44949DA6251A45BC007FF070 /* User+CoreDataProperties.swift in Sources */ = {isa = PBXBuildFile; fileRef = 44949D9D251A45BB007FF070 /* User+CoreDataProperties.swift */; };
		44949DA7251A45BC007FF070 /* User+CoreDataClass.swift in Sources */ = {isa = PBXBuildFile; fileRef = 44949D9E251A45BB007FF070 /* User+CoreDataClass.swift */; };
		44949DA8251A45BC007FF070 /* CustomStyles.swift in Sources */ = {isa = PBXBuildFile; fileRef = 44949D9F251A45BB007FF070 /* CustomStyles.swift */; };
		44949DA9251A45BC007FF070 /* Persistence.swift in Sources */ = {isa = PBXBuildFile; fileRef = 44949DA0251A45BB007FF070 /* Persistence.swift */; };
		44949DAA251A45BC007FF070 /* DetailView.swift in Sources */ = {isa = PBXBuildFile; fileRef = 44949DA1251A45BC007FF070 /* DetailView.swift */; };
		44949DAD251A45C4007FF070 /* CoreData.xcdatamodeld in Sources */ = {isa = PBXBuildFile; fileRef = 44949DAB251A45C4007FF070 /* CoreData.xcdatamodeld */; };
/* End PBXBuildFile section */

/* Begin PBXFileReference section */
		44949D86251A4590007FF070 /* FriendFace.app */ = {isa = PBXFileReference; explicitFileType = wrapper.application; includeInIndex = 0; path = FriendFace.app; sourceTree = BUILT_PRODUCTS_DIR; };
		44949D89251A4590007FF070 /* FriendFaceApp.swift */ = {isa = PBXFileReference; lastKnownFileType = sourcecode.swift; path = FriendFaceApp.swift; sourceTree = "<group>"; };
		44949D8B251A4590007FF070 /* ContentView.swift */ = {isa = PBXFileReference; lastKnownFileType = sourcecode.swift; path = ContentView.swift; sourceTree = "<group>"; };
		44949D8D251A4593007FF070 /* Assets.xcassets */ = {isa = PBXFileReference; lastKnownFileType = folder.assetcatalog; path = Assets.xcassets; sourceTree = "<group>"; };
		44949D90251A4593007FF070 /* Preview Assets.xcassets */ = {isa = PBXFileReference; lastKnownFileType = folder.assetcatalog; path = "Preview Assets.xcassets"; sourceTree = "<group>"; };
		44949D92251A4593007FF070 /* Info.plist */ = {isa = PBXFileReference; lastKnownFileType = text.plist.xml; path = Info.plist; sourceTree = "<group>"; };
		44949D99251A45BB007FF070 /* Friend+CoreDataProperties.swift */ = {isa = PBXFileReference; fileEncoding = 4; lastKnownFileType = sourcecode.swift; path = "Friend+CoreDataProperties.swift"; sourceTree = "<group>"; };
		44949D9A251A45BB007FF070 /* Friend+CoreDataClass.swift */ = {isa = PBXFileReference; fileEncoding = 4; lastKnownFileType = sourcecode.swift; path = "Friend+CoreDataClass.swift"; sourceTree = "<group>"; };
		44949D9B251A45BB007FF070 /* friendface.json */ = {isa = PBXFileReference; fileEncoding = 4; lastKnownFileType = text.json; path = friendface.json; sourceTree = "<group>"; };
		44949D9C251A45BB007FF070 /* UserData.swift */ = {isa = PBXFileReference; fileEncoding = 4; lastKnownFileType = sourcecode.swift; path = UserData.swift; sourceTree = "<group>"; };
		44949D9D251A45BB007FF070 /* User+CoreDataProperties.swift */ = {isa = PBXFileReference; fileEncoding = 4; lastKnownFileType = sourcecode.swift; path = "User+CoreDataProperties.swift"; sourceTree = "<group>"; };
		44949D9E251A45BB007FF070 /* User+CoreDataClass.swift */ = {isa = PBXFileReference; fileEncoding = 4; lastKnownFileType = sourcecode.swift; path = "User+CoreDataClass.swift"; sourceTree = "<group>"; };
		44949D9F251A45BB007FF070 /* CustomStyles.swift */ = {isa = PBXFileReference; fileEncoding = 4; lastKnownFileType = sourcecode.swift; path = CustomStyles.swift; sourceTree = "<group>"; };
		44949DA0251A45BB007FF070 /* Persistence.swift */ = {isa = PBXFileReference; fileEncoding = 4; lastKnownFileType = sourcecode.swift; path = Persistence.swift; sourceTree = "<group>"; };
		44949DA1251A45BC007FF070 /* DetailView.swift */ = {isa = PBXFileReference; fileEncoding = 4; lastKnownFileType = sourcecode.swift; path = DetailView.swift; sourceTree = "<group>"; };
		44949DAC251A45C4007FF070 /* CoreData.xcdatamodel */ = {isa = PBXFileReference; lastKnownFileType = wrapper.xcdatamodel; path = CoreData.xcdatamodel; sourceTree = "<group>"; };
/* End PBXFileReference section */

/* Begin PBXFrameworksBuildPhase section */
		44949D83251A4590007FF070 /* Frameworks */ = {
			isa = PBXFrameworksBuildPhase;
			buildActionMask = 2147483647;
			files = (
			);
			runOnlyForDeploymentPostprocessing = 0;
		};
/* End PBXFrameworksBuildPhase section */

/* Begin PBXGroup section */
		44949D7D251A4590007FF070 = {
			isa = PBXGroup;
			children = (
				44949D88251A4590007FF070 /* FriendFace */,
				44949D87251A4590007FF070 /* Products */,
			);
			sourceTree = "<group>";
		};
		44949D87251A4590007FF070 /* Products */ = {
			isa = PBXGroup;
			children = (
				44949D86251A4590007FF070 /* FriendFace.app */,
			);
			name = Products;
			sourceTree = "<group>";
		};
		44949D88251A4590007FF070 /* FriendFace */ = {
			isa = PBXGroup;
			children = (
				44949D89251A4590007FF070 /* FriendFaceApp.swift */,
				44949D8B251A4590007FF070 /* ContentView.swift */,
				44949DA1251A45BC007FF070 /* DetailView.swift */,
				44949D9F251A45BB007FF070 /* CustomStyles.swift */,
				44949D98251A45BB007FF070 /* DataModel */,
				44949DA0251A45BB007FF070 /* Persistence.swift */,
				44949D8D251A4593007FF070 /* Assets.xcassets */,
				44949D92251A4593007FF070 /* Info.plist */,
				44949DAB251A45C4007FF070 /* CoreData.xcdatamodeld */,
				44949D8F251A4593007FF070 /* Preview Content */,
			);
			path = FriendFace;
			sourceTree = "<group>";
		};
		44949D8F251A4593007FF070 /* Preview Content */ = {
			isa = PBXGroup;
			children = (
				44949D90251A4593007FF070 /* Preview Assets.xcassets */,
			);
			path = "Preview Content";
			sourceTree = "<group>";
		};
		44949D98251A45BB007FF070 /* DataModel */ = {
			isa = PBXGroup;
			children = (
				44949D9E251A45BB007FF070 /* User+CoreDataClass.swift */,
				44949D9A251A45BB007FF070 /* Friend+CoreDataClass.swift */,
				44949D9D251A45BB007FF070 /* User+CoreDataProperties.swift */,
				44949D99251A45BB007FF070 /* Friend+CoreDataProperties.swift */,
				44949D9B251A45BB007FF070 /* friendface.json */,
				44949D9C251A45BB007FF070 /* UserData.swift */,
			);
			path = DataModel;
			sourceTree = "<group>";
		};
/* End PBXGroup section */

/* Begin PBXNativeTarget section */
		44949D85251A4590007FF070 /* FriendFace */ = {
			isa = PBXNativeTarget;
			buildConfigurationList = 44949D95251A4593007FF070 /* Build configuration list for PBXNativeTarget "FriendFace" */;
			buildPhases = (
				44949D82251A4590007FF070 /* Sources */,
				44949D83251A4590007FF070 /* Frameworks */,
				44949D84251A4590007FF070 /* Resources */,
			);
			buildRules = (
			);
			dependencies = (
			);
			name = FriendFace;
			productName = FriendFace;
			productReference = 44949D86251A4590007FF070 /* FriendFace.app */;
			productType = "com.apple.product-type.application";
		};
/* End PBXNativeTarget section */

/* Begin PBXProject section */
		44949D7E251A4590007FF070 /* Project object */ = {
			isa = PBXProject;
			attributes = {
				LastSwiftUpdateCheck = 1200;
				LastUpgradeCheck = 1200;
				TargetAttributes = {
					44949D85251A4590007FF070 = {
						CreatedOnToolsVersion = 12.0;
					};
				};
			};
			buildConfigurationList = 44949D81251A4590007FF070 /* Build configuration list for PBXProject "FriendFace" */;
			compatibilityVersion = "Xcode 9.3";
			developmentRegion = en;
			hasScannedForEncodings = 0;
			knownRegions = (
				en,
				Base,
			);
			mainGroup = 44949D7D251A4590007FF070;
			productRefGroup = 44949D87251A4590007FF070 /* Products */;
			projectDirPath = "";
			projectRoot = "";
			targets = (
				44949D85251A4590007FF070 /* FriendFace */,
			);
		};
/* End PBXProject section */

/* Begin PBXResourcesBuildPhase section */
		44949D84251A4590007FF070 /* Resources */ = {
			isa = PBXResourcesBuildPhase;
			buildActionMask = 2147483647;
			files = (
				44949D91251A4593007FF070 /* Preview Assets.xcassets in Resources */,
				44949D8E251A4593007FF070 /* Assets.xcassets in Resources */,
				44949DA4251A45BC007FF070 /* friendface.json in Resources */,
			);
			runOnlyForDeploymentPostprocessing = 0;
		};
/* End PBXResourcesBuildPhase section */

/* Begin PBXSourcesBuildPhase section */
		44949D82251A4590007FF070 /* Sources */ = {
			isa = PBXSourcesBuildPhase;
			buildActionMask = 2147483647;
			files = (
				44949DA9251A45BC007FF070 /* Persistence.swift in Sources */,
				44949D8C251A4590007FF070 /* ContentView.swift in Sources */,
				44949DA3251A45BC007FF070 /* Friend+CoreDataClass.swift in Sources */,
				44949DAD251A45C4007FF070 /* CoreData.xcdatamodeld in Sources */,
				44949DAA251A45BC007FF070 /* DetailView.swift in Sources */,
				44949DA6251A45BC007FF070 /* User+CoreDataProperties.swift in Sources */,
				44949D8A251A4590007FF070 /* FriendFaceApp.swift in Sources */,
				44949DA8251A45BC007FF070 /* CustomStyles.swift in Sources */,
				44949DA5251A45BC007FF070 /* UserData.swift in Sources */,
				44949DA2251A45BC007FF070 /* Friend+CoreDataProperties.swift in Sources */,
				44949DA7251A45BC007FF070 /* User+CoreDataClass.swift in Sources */,
			);
			runOnlyForDeploymentPostprocessing = 0;
		};
/* End PBXSourcesBuildPhase section */

/* Begin XCBuildConfiguration section */
		44949D93251A4593007FF070 /* Debug */ = {
			isa = XCBuildConfiguration;
			buildSettings = {
				ALWAYS_SEARCH_USER_PATHS = NO;
				CLANG_ANALYZER_NONNULL = YES;
				CLANG_ANALYZER_NUMBER_OBJECT_CONVERSION = YES_AGGRESSIVE;
				CLANG_CXX_LANGUAGE_STANDARD = "gnu++14";
				CLANG_CXX_LIBRARY = "libc++";
				CLANG_ENABLE_MODULES = YES;
				CLANG_ENABLE_OBJC_ARC = YES;
				CLANG_ENABLE_OBJC_WEAK = YES;
				CLANG_WARN_BLOCK_CAPTURE_AUTORELEASING = YES;
				CLANG_WARN_BOOL_CONVERSION = YES;
				CLANG_WARN_COMMA = YES;
				CLANG_WARN_CONSTANT_CONVERSION = YES;
				CLANG_WARN_DEPRECATED_OBJC_IMPLEMENTATIONS = YES;
				CLANG_WARN_DIRECT_OBJC_ISA_USAGE = YES_ERROR;
				CLANG_WARN_DOCUMENTATION_COMMENTS = YES;
				CLANG_WARN_EMPTY_BODY = YES;
				CLANG_WARN_ENUM_CONVERSION = YES;
				CLANG_WARN_INFINITE_RECURSION = YES;
				CLANG_WARN_INT_CONVERSION = YES;
				CLANG_WARN_NON_LITERAL_NULL_CONVERSION = YES;
				CLANG_WARN_OBJC_IMPLICIT_RETAIN_SELF = YES;
				CLANG_WARN_OBJC_LITERAL_CONVERSION = YES;
				CLANG_WARN_OBJC_ROOT_CLASS = YES_ERROR;
				CLANG_WARN_QUOTED_INCLUDE_IN_FRAMEWORK_HEADER = YES;
				CLANG_WARN_RANGE_LOOP_ANALYSIS = YES;
				CLANG_WARN_STRICT_PROTOTYPES = YES;
				CLANG_WARN_SUSPICIOUS_MOVE = YES;
				CLANG_WARN_UNGUARDED_AVAILABILITY = YES_AGGRESSIVE;
				CLANG_WARN_UNREACHABLE_CODE = YES;
				CLANG_WARN__DUPLICATE_METHOD_MATCH = YES;
				COPY_PHASE_STRIP = NO;
				DEBUG_INFORMATION_FORMAT = dwarf;
				ENABLE_STRICT_OBJC_MSGSEND = YES;
				ENABLE_TESTABILITY = YES;
				GCC_C_LANGUAGE_STANDARD = gnu11;
				GCC_DYNAMIC_NO_PIC = NO;
				GCC_NO_COMMON_BLOCKS = YES;
				GCC_OPTIMIZATION_LEVEL = 0;
				GCC_PREPROCESSOR_DEFINITIONS = (
					"DEBUG=1",
					"$(inherited)",
				);
				GCC_WARN_64_TO_32_BIT_CONVERSION = YES;
				GCC_WARN_ABOUT_RETURN_TYPE = YES_ERROR;
				GCC_WARN_UNDECLARED_SELECTOR = YES;
				GCC_WARN_UNINITIALIZED_AUTOS = YES_AGGRESSIVE;
				GCC_WARN_UNUSED_FUNCTION = YES;
				GCC_WARN_UNUSED_VARIABLE = YES;
				IPHONEOS_DEPLOYMENT_TARGET = 14.0;
				MTL_ENABLE_DEBUG_INFO = INCLUDE_SOURCE;
				MTL_FAST_MATH = YES;
				ONLY_ACTIVE_ARCH = YES;
				SDKROOT = iphoneos;
				SWIFT_ACTIVE_COMPILATION_CONDITIONS = DEBUG;
				SWIFT_OPTIMIZATION_LEVEL = "-Onone";
			};
			name = Debug;
		};
		44949D94251A4593007FF070 /* Release */ = {
			isa = XCBuildConfiguration;
			buildSettings = {
				ALWAYS_SEARCH_USER_PATHS = NO;
				CLANG_ANALYZER_NONNULL = YES;
				CLANG_ANALYZER_NUMBER_OBJECT_CONVERSION = YES_AGGRESSIVE;
				CLANG_CXX_LANGUAGE_STANDARD = "gnu++14";
				CLANG_CXX_LIBRARY = "libc++";
				CLANG_ENABLE_MODULES = YES;
				CLANG_ENABLE_OBJC_ARC = YES;
				CLANG_ENABLE_OBJC_WEAK = YES;
				CLANG_WARN_BLOCK_CAPTURE_AUTORELEASING = YES;
				CLANG_WARN_BOOL_CONVERSION = YES;
				CLANG_WARN_COMMA = YES;
				CLANG_WARN_CONSTANT_CONVERSION = YES;
				CLANG_WARN_DEPRECATED_OBJC_IMPLEMENTATIONS = YES;
				CLANG_WARN_DIRECT_OBJC_ISA_USAGE = YES_ERROR;
				CLANG_WARN_DOCUMENTATION_COMMENTS = YES;
				CLANG_WARN_EMPTY_BODY = YES;
				CLANG_WARN_ENUM_CONVERSION = YES;
				CLANG_WARN_INFINITE_RECURSION = YES;
				CLANG_WARN_INT_CONVERSION = YES;
				CLANG_WARN_NON_LITERAL_NULL_CONVERSION = YES;
				CLANG_WARN_OBJC_IMPLICIT_RETAIN_SELF = YES;
				CLANG_WARN_OBJC_LITERAL_CONVERSION = YES;
				CLANG_WARN_OBJC_ROOT_CLASS = YES_ERROR;
				CLANG_WARN_QUOTED_INCLUDE_IN_FRAMEWORK_HEADER = YES;
				CLANG_WARN_RANGE_LOOP_ANALYSIS = YES;
				CLANG_WARN_STRICT_PROTOTYPES = YES;
				CLANG_WARN_SUSPICIOUS_MOVE = YES;
				CLANG_WARN_UNGUARDED_AVAILABILITY = YES_AGGRESSIVE;
				CLANG_WARN_UNREACHABLE_CODE = YES;
				CLANG_WARN__DUPLICATE_METHOD_MATCH = YES;
				COPY_PHASE_STRIP = NO;
				DEBUG_INFORMATION_FORMAT = "dwarf-with-dsym";
				ENABLE_NS_ASSERTIONS = NO;
				ENABLE_STRICT_OBJC_MSGSEND = YES;
				GCC_C_LANGUAGE_STANDARD = gnu11;
				GCC_NO_COMMON_BLOCKS = YES;
				GCC_WARN_64_TO_32_BIT_CONVERSION = YES;
				GCC_WARN_ABOUT_RETURN_TYPE = YES_ERROR;
				GCC_WARN_UNDECLARED_SELECTOR = YES;
				GCC_WARN_UNINITIALIZED_AUTOS = YES_AGGRESSIVE;
				GCC_WARN_UNUSED_FUNCTION = YES;
				GCC_WARN_UNUSED_VARIABLE = YES;
				IPHONEOS_DEPLOYMENT_TARGET = 14.0;
				MTL_ENABLE_DEBUG_INFO = NO;
				MTL_FAST_MATH = YES;
				SDKROOT = iphoneos;
				SWIFT_COMPILATION_MODE = wholemodule;
				SWIFT_OPTIMIZATION_LEVEL = "-O";
				VALIDATE_PRODUCT = YES;
			};
			name = Release;
		};
		44949D96251A4593007FF070 /* Debug */ = {
			isa = XCBuildConfiguration;
			buildSettings = {
				ASSETCATALOG_COMPILER_APPICON_NAME = AppIcon;
				ASSETCATALOG_COMPILER_GLOBAL_ACCENT_COLOR_NAME = AccentColor;
				CODE_SIGN_STYLE = Automatic;
				DEVELOPMENT_ASSET_PATHS = "\"FriendFace/Preview Content\"";
				ENABLE_PREVIEWS = YES;
				INFOPLIST_FILE = FriendFace/Info.plist;
				IPHONEOS_DEPLOYMENT_TARGET = 14.0;
				LD_RUNPATH_SEARCH_PATHS = (
					"$(inherited)",
					"@executable_path/Frameworks",
				);
				PRODUCT_BUNDLE_IDENTIFIER = BenKeys.FriendFace;
				PRODUCT_NAME = "$(TARGET_NAME)";
				SWIFT_VERSION = 5.0;
				TARGETED_DEVICE_FAMILY = "1,2";
			};
			name = Debug;
		};
		44949D97251A4593007FF070 /* Release */ = {
			isa = XCBuildConfiguration;
			buildSettings = {
				ASSETCATALOG_COMPILER_APPICON_NAME = AppIcon;
				ASSETCATALOG_COMPILER_GLOBAL_ACCENT_COLOR_NAME = AccentColor;
				CODE_SIGN_STYLE = Automatic;
				DEVELOPMENT_ASSET_PATHS = "\"FriendFace/Preview Content\"";
				ENABLE_PREVIEWS = YES;
				INFOPLIST_FILE = FriendFace/Info.plist;
				IPHONEOS_DEPLOYMENT_TARGET = 14.0;
				LD_RUNPATH_SEARCH_PATHS = (
					"$(inherited)",
					"@executable_path/Frameworks",
				);
				PRODUCT_BUNDLE_IDENTIFIER = BenKeys.FriendFace;
				PRODUCT_NAME = "$(TARGET_NAME)";
				SWIFT_VERSION = 5.0;
				TARGETED_DEVICE_FAMILY = "1,2";
			};
			name = Release;
		};
/* End XCBuildConfiguration section */

/* Begin XCConfigurationList section */
		44949D81251A4590007FF070 /* Build configuration list for PBXProject "FriendFace" */ = {
			isa = XCConfigurationList;
			buildConfigurations = (
				44949D93251A4593007FF070 /* Debug */,
				44949D94251A4593007FF070 /* Release */,
			);
			defaultConfigurationIsVisible = 0;
			defaultConfigurationName = Release;
		};
		44949D95251A4593007FF070 /* Build configuration list for PBXNativeTarget "FriendFace" */ = {
			isa = XCConfigurationList;
			buildConfigurations = (
				44949D96251A4593007FF070 /* Debug */,
				44949D97251A4593007FF070 /* Release */,
			);
			defaultConfigurationIsVisible = 0;
			defaultConfigurationName = Release;
		};
/* End XCConfigurationList section */

/* Begin XCVersionGroup section */
		44949DAB251A45C4007FF070 /* CoreData.xcdatamodeld */ = {
			isa = XCVersionGroup;
			children = (
				44949DAC251A45C4007FF070 /* CoreData.xcdatamodel */,
			);
			currentVersion = 44949DAC251A45C4007FF070 /* CoreData.xcdatamodel */;
			path = CoreData.xcdatamodeld;
			sourceTree = "<group>";
			versionGroupType = wrapper.xcdatamodel;
		};
/* End XCVersionGroup section */
	};
	rootObject = 44949D7E251A4590007FF070 /* Project object */;
}
